
Microsoft Visual Studio Solution File, Format Version 12.00
# Visual Studio Version 17
VisualStudioVersion = 17.8.34330.188
MinimumVisualStudioVersion = 10.0.40219.1
Project("{FAE04EC0-301F-11D3-BF4B-00C04F79EFBC}") = "CsCodeExample", "CsCodeExample\CsCodeExample.csproj", "{A894465C-22A8-4348-9492-692A99D507A0}"
EndProject
Global
	GlobalSection(SolutionConfigurationPlatforms) = preSolution
		Debug|Any CPU = Debug|Any CPU
		Release|Any CPU = Release|Any CPU
	EndGlobalSection
	GlobalSection(ProjectConfigurationPlatforms) = postSolution
		{A894465C-22A8-4348-9492-692A99D507A0}.Debug|Any CPU.ActiveCfg = Debug|Any CPU
		{A894465C-22A8-4348-9492-692A99D507A0}.Debug|Any CPU.Build.0 = Debug|Any CPU
		{A894465C-22A8-4348-9492-692A99D507A0}.Release|Any CPU.ActiveCfg = Release|Any CPU
		{A894465C-22A8-4348-9492-692A99D507A0}.Release|Any CPU.Build.0 = Release|Any CPU
	EndGlobalSection
	GlobalSection(SolutionProperties) = preSolution
		HideSolutionNode = FALSE
	EndGlobalSection
	GlobalSection(ExtensibilityGlobals) = postSolution
		SolutionGuid = {D062D7A4-E6D1-42A8-855B-F665A3783278}
	EndGlobalSection
EndGlobal
